{
  "name": "js",
  "lockfileVersion": 3,
  "requires": true,
  "packages": {
    "": {
      "dependencies": {
        "poke-types": "^1.0.22"
      }
    },
    "node_modules/poke-types": {
      "version": "1.0.22",
      "resolved": "https://registry.npmjs.org/poke-types/-/poke-types-1.0.22.tgz",
      "integrity": "sha512-PH9YfLUnN131UuQHQvSaOEhol/TFH3cdEHZwigjxFYsmqH/pNuDHSRBLBD2ywEwTrIisyaYUw139IPmy9K9yRw==",
      "engines": {
        "node": ">=8.9 || >=10.0.0"
      }
    }
  }
}
